
Microsoft Visual Studio Solution File, Format Version 12.00
# Visual Studio Version 16
VisualStudioVersion = 16.0.29403.142
MinimumVisualStudioVersion = 10.0.40219.1
Project("{FAE04EC0-301F-11D3-BF4B-00C04F79EFBC}") = "Summa_Async", "Summa_Async.csproj", "{83442A09-FD3D-4EAF-9772-59FCA40C0F20}"
EndProject
Global
	GlobalSection(SolutionConfigurationPlatforms) = preSolution
		Debug|Any CPU = Debug|Any CPU
		Release|Any CPU = Release|Any CPU
	EndGlobalSection
	GlobalSection(ProjectConfigurationPlatforms) = postSolution
		{83442A09-FD3D-4EAF-9772-59FCA40C0F20}.Debug|Any CPU.ActiveCfg = Debug|Any CPU
		{83442A09-FD3D-4EAF-9772-59FCA40C0F20}.Debug|Any CPU.Build.0 = Debug|Any CPU
		{83442A09-FD3D-4EAF-9772-59FCA40C0F20}.Release|Any CPU.ActiveCfg = Release|Any CPU
		{83442A09-FD3D-4EAF-9772-59FCA40C0F20}.Release|Any CPU.Build.0 = Release|Any CPU
	EndGlobalSection
	GlobalSection(SolutionProperties) = preSolution
		HideSolutionNode = FALSE
	EndGlobalSection
	GlobalSection(ExtensibilityGlobals) = postSolution
		SolutionGuid = {83D53BC5-37B3-48DE-9061-48BC4B266912}
	EndGlobalSection
EndGlobal
